<<<<<<< HEAD
﻿
Microsoft Visual Studio Solution File, Format Version 12.00
# Visual Studio Version 17
VisualStudioVersion = 17.13.35919.96
MinimumVisualStudioVersion = 10.0.40219.1
Project("{FAE04EC0-301F-11D3-BF4B-00C04F79EFBC}") = "GUI", "GUI\GUI.csproj", "{91A41DF9-C22A-4463-8257-79DAD89BAAF1}"
EndProject
Project("{FAE04EC0-301F-11D3-BF4B-00C04F79EFBC}") = "BLL", "BLL\BLL.csproj", "{B927E24C-13FB-42F0-940F-CBDE3767667C}"
EndProject
Project("{FAE04EC0-301F-11D3-BF4B-00C04F79EFBC}") = "DAL", "DAL\DAL.csproj", "{5F769F78-D169-4F0C-B36E-3B4FEC8FFA89}"
EndProject
Project("{FAE04EC0-301F-11D3-BF4B-00C04F79EFBC}") = "DTO", "DTO\DTO.csproj", "{7C399DCC-FCE3-42CF-B292-99D586646728}"
EndProject
Global
	GlobalSection(SolutionConfigurationPlatforms) = preSolution
		Debug|Any CPU = Debug|Any CPU
		Release|Any CPU = Release|Any CPU
	EndGlobalSection
	GlobalSection(ProjectConfigurationPlatforms) = postSolution
		{91A41DF9-C22A-4463-8257-79DAD89BAAF1}.Debug|Any CPU.ActiveCfg = Debug|Any CPU
		{91A41DF9-C22A-4463-8257-79DAD89BAAF1}.Debug|Any CPU.Build.0 = Debug|Any CPU
		{91A41DF9-C22A-4463-8257-79DAD89BAAF1}.Release|Any CPU.ActiveCfg = Release|Any CPU
		{91A41DF9-C22A-4463-8257-79DAD89BAAF1}.Release|Any CPU.Build.0 = Release|Any CPU
		{B927E24C-13FB-42F0-940F-CBDE3767667C}.Debug|Any CPU.ActiveCfg = Debug|Any CPU
		{B927E24C-13FB-42F0-940F-CBDE3767667C}.Debug|Any CPU.Build.0 = Debug|Any CPU
		{B927E24C-13FB-42F0-940F-CBDE3767667C}.Release|Any CPU.ActiveCfg = Release|Any CPU
		{B927E24C-13FB-42F0-940F-CBDE3767667C}.Release|Any CPU.Build.0 = Release|Any CPU
		{5F769F78-D169-4F0C-B36E-3B4FEC8FFA89}.Debug|Any CPU.ActiveCfg = Debug|Any CPU
		{5F769F78-D169-4F0C-B36E-3B4FEC8FFA89}.Debug|Any CPU.Build.0 = Debug|Any CPU
		{5F769F78-D169-4F0C-B36E-3B4FEC8FFA89}.Release|Any CPU.ActiveCfg = Release|Any CPU
		{5F769F78-D169-4F0C-B36E-3B4FEC8FFA89}.Release|Any CPU.Build.0 = Release|Any CPU
		{7C399DCC-FCE3-42CF-B292-99D586646728}.Debug|Any CPU.ActiveCfg = Debug|Any CPU
		{7C399DCC-FCE3-42CF-B292-99D586646728}.Debug|Any CPU.Build.0 = Debug|Any CPU
		{7C399DCC-FCE3-42CF-B292-99D586646728}.Release|Any CPU.ActiveCfg = Release|Any CPU
		{7C399DCC-FCE3-42CF-B292-99D586646728}.Release|Any CPU.Build.0 = Release|Any CPU
	EndGlobalSection
	GlobalSection(SolutionProperties) = preSolution
		HideSolutionNode = FALSE
	EndGlobalSection
	GlobalSection(ExtensibilityGlobals) = postSolution
		SolutionGuid = {E3C719EE-5844-4D2C-92AE-72FB22B4EE28}
	EndGlobalSection
EndGlobal
=======
﻿
Microsoft Visual Studio Solution File, Format Version 12.00
# Visual Studio Version 17
VisualStudioVersion = 17.13.35919.96
MinimumVisualStudioVersion = 10.0.40219.1
Project("{FAE04EC0-301F-11D3-BF4B-00C04F79EFBC}") = "GUI", "GUI\GUI.csproj", "{91A41DF9-C22A-4463-8257-79DAD89BAAF1}"
EndProject
Project("{FAE04EC0-301F-11D3-BF4B-00C04F79EFBC}") = "BLL", "BLL\BLL.csproj", "{B927E24C-13FB-42F0-940F-CBDE3767667C}"
EndProject
Project("{FAE04EC0-301F-11D3-BF4B-00C04F79EFBC}") = "DAL", "DAL\DAL.csproj", "{5F769F78-D169-4F0C-B36E-3B4FEC8FFA89}"
EndProject
Project("{FAE04EC0-301F-11D3-BF4B-00C04F79EFBC}") = "DTO", "DTO\DTO.csproj", "{7C399DCC-FCE3-42CF-B292-99D586646728}"
EndProject
Global
	GlobalSection(SolutionConfigurationPlatforms) = preSolution
		Debug|Any CPU = Debug|Any CPU
		Release|Any CPU = Release|Any CPU
	EndGlobalSection
	GlobalSection(ProjectConfigurationPlatforms) = postSolution
		{91A41DF9-C22A-4463-8257-79DAD89BAAF1}.Debug|Any CPU.ActiveCfg = Debug|Any CPU
		{91A41DF9-C22A-4463-8257-79DAD89BAAF1}.Debug|Any CPU.Build.0 = Debug|Any CPU
		{91A41DF9-C22A-4463-8257-79DAD89BAAF1}.Release|Any CPU.ActiveCfg = Release|Any CPU
		{91A41DF9-C22A-4463-8257-79DAD89BAAF1}.Release|Any CPU.Build.0 = Release|Any CPU
		{B927E24C-13FB-42F0-940F-CBDE3767667C}.Debug|Any CPU.ActiveCfg = Debug|Any CPU
		{B927E24C-13FB-42F0-940F-CBDE3767667C}.Debug|Any CPU.Build.0 = Debug|Any CPU
		{B927E24C-13FB-42F0-940F-CBDE3767667C}.Release|Any CPU.ActiveCfg = Release|Any CPU
		{B927E24C-13FB-42F0-940F-CBDE3767667C}.Release|Any CPU.Build.0 = Release|Any CPU
		{5F769F78-D169-4F0C-B36E-3B4FEC8FFA89}.Debug|Any CPU.ActiveCfg = Debug|Any CPU
		{5F769F78-D169-4F0C-B36E-3B4FEC8FFA89}.Debug|Any CPU.Build.0 = Debug|Any CPU
		{5F769F78-D169-4F0C-B36E-3B4FEC8FFA89}.Release|Any CPU.ActiveCfg = Release|Any CPU
		{5F769F78-D169-4F0C-B36E-3B4FEC8FFA89}.Release|Any CPU.Build.0 = Release|Any CPU
		{7C399DCC-FCE3-42CF-B292-99D586646728}.Debug|Any CPU.ActiveCfg = Debug|Any CPU
		{7C399DCC-FCE3-42CF-B292-99D586646728}.Debug|Any CPU.Build.0 = Debug|Any CPU
		{7C399DCC-FCE3-42CF-B292-99D586646728}.Release|Any CPU.ActiveCfg = Release|Any CPU
		{7C399DCC-FCE3-42CF-B292-99D586646728}.Release|Any CPU.Build.0 = Release|Any CPU
	EndGlobalSection
	GlobalSection(SolutionProperties) = preSolution
		HideSolutionNode = FALSE
	EndGlobalSection
	GlobalSection(ExtensibilityGlobals) = postSolution
		SolutionGuid = {E3C719EE-5844-4D2C-92AE-72FB22B4EE28}
	EndGlobalSection
EndGlobal
>>>>>>> 392fce294e1dacce545f16fde707ea387faee7e8
